
Microsoft Visual Studio Solution File, Format Version 12.00
# Visual Studio Version 17
VisualStudioVersion = 17.10.35004.147
MinimumVisualStudioVersion = 10.0.40219.1
Project("{9A19103F-16F7-4668-BE54-9A1E7A4F7556}") = "BirdSalesApi", "BirdSalesApi\BirdSalesApi.csproj", "{A7B2D025-10B9-4D02-BDB8-8506AF0468D5}"
EndProject
Project("{FAE04EC0-301F-11D3-BF4B-00C04F79EFBC}") = "BirdSalesWeb", "..\BirdSalesWeb\BirdSalesWeb.csproj", "{65E5889F-5EBD-4E04-93DC-6F79E3CCFB2A}"
EndProject
Global
	GlobalSection(SolutionConfigurationPlatforms) = preSolution
		Debug|Any CPU = Debug|Any CPU
		Release|Any CPU = Release|Any CPU
	EndGlobalSection
	GlobalSection(ProjectConfigurationPlatforms) = postSolution
		{A7B2D025-10B9-4D02-BDB8-8506AF0468D5}.Debug|Any CPU.ActiveCfg = Debug|Any CPU
		{A7B2D025-10B9-4D02-BDB8-8506AF0468D5}.Debug|Any CPU.Build.0 = Debug|Any CPU
		{A7B2D025-10B9-4D02-BDB8-8506AF0468D5}.Release|Any CPU.ActiveCfg = Release|Any CPU
		{A7B2D025-10B9-4D02-BDB8-8506AF0468D5}.Release|Any CPU.Build.0 = Release|Any CPU
		{65E5889F-5EBD-4E04-93DC-6F79E3CCFB2A}.Debug|Any CPU.ActiveCfg = Debug|Any CPU
		{65E5889F-5EBD-4E04-93DC-6F79E3CCFB2A}.Debug|Any CPU.Build.0 = Debug|Any CPU
		{65E5889F-5EBD-4E04-93DC-6F79E3CCFB2A}.Release|Any CPU.ActiveCfg = Release|Any CPU
		{65E5889F-5EBD-4E04-93DC-6F79E3CCFB2A}.Release|Any CPU.Build.0 = Release|Any CPU
	EndGlobalSection
	GlobalSection(SolutionProperties) = preSolution
		HideSolutionNode = FALSE
	EndGlobalSection
	GlobalSection(ExtensibilityGlobals) = postSolution
		SolutionGuid = {A641517D-A62C-4916-8918-9B292B2B3109}
	EndGlobalSection
EndGlobal
