
Microsoft Visual Studio Solution File, Format Version 12.00
# Visual Studio Version 17
VisualStudioVersion = 17.10.35004.147
MinimumVisualStudioVersion = 10.0.40219.1
Project("{FAE04EC0-301F-11D3-BF4B-00C04F79EFBC}") = "BirdSalesAPI", "BirdSalesAPI\BirdSalesAPI.csproj", "{B60CA921-E74E-4EEE-B943-53CBEB7CCDEA}"
EndProject
Project("{FAE04EC0-301F-11D3-BF4B-00C04F79EFBC}") = "BirdSalesWeb", "BirdSalesWeb\BirdSalesWeb.csproj", "{BAA9305B-02A2-4558-873B-3229047F781F}"
EndProject
Global
	GlobalSection(SolutionConfigurationPlatforms) = preSolution
		Debug|Any CPU = Debug|Any CPU
		Release|Any CPU = Release|Any CPU
	EndGlobalSection
	GlobalSection(ProjectConfigurationPlatforms) = postSolution
		{B60CA921-E74E-4EEE-B943-53CBEB7CCDEA}.Debug|Any CPU.ActiveCfg = Debug|Any CPU
		{B60CA921-E74E-4EEE-B943-53CBEB7CCDEA}.Debug|Any CPU.Build.0 = Debug|Any CPU
		{B60CA921-E74E-4EEE-B943-53CBEB7CCDEA}.Release|Any CPU.ActiveCfg = Release|Any CPU
		{B60CA921-E74E-4EEE-B943-53CBEB7CCDEA}.Release|Any CPU.Build.0 = Release|Any CPU
		{BAA9305B-02A2-4558-873B-3229047F781F}.Debug|Any CPU.ActiveCfg = Debug|Any CPU
		{BAA9305B-02A2-4558-873B-3229047F781F}.Debug|Any CPU.Build.0 = Debug|Any CPU
		{BAA9305B-02A2-4558-873B-3229047F781F}.Release|Any CPU.ActiveCfg = Release|Any CPU
		{BAA9305B-02A2-4558-873B-3229047F781F}.Release|Any CPU.Build.0 = Release|Any CPU
	EndGlobalSection
	GlobalSection(SolutionProperties) = preSolution
		HideSolutionNode = FALSE
	EndGlobalSection
	GlobalSection(ExtensibilityGlobals) = postSolution
		SolutionGuid = {DDD8AB4E-0AEE-42E7-881B-27B1841D7960}
	EndGlobalSection
EndGlobal
